
Microsoft Visual Studio Solution File, Format Version 12.00
Project("{FAE04EC0-301F-11D3-BF4B-00C04F79EFBC}") = "ConsoleApp4", "ConsoleApp4\ConsoleApp4.csproj", "{3179117C-6713-4CED-87A0-6A7407BF69AB}"
EndProject
Project("{FAE04EC0-301F-11D3-BF4B-00C04F79EFBC}") = "ConsoleApp1", "ConsoleApp1\ConsoleApp1.csproj", "{6DF3C84B-E83B-4DDB-81F7-799E61FC9391}"
EndProject
Project("{FAE04EC0-301F-11D3-BF4B-00C04F79EFBC}") = "ConsoleApp2", "ConsoleApp2\ConsoleApp2.csproj", "{24D85FD5-25A0-4086-9292-1C2FA4E66E5A}"
EndProject
Project("{FAE04EC0-301F-11D3-BF4B-00C04F79EFBC}") = "ConsoleApp3", "ConsoleApp3\ConsoleApp3.csproj", "{AA6DC815-6773-4A99-8837-612BDC240CBD}"
EndProject
Project("{FAE04EC0-301F-11D3-BF4B-00C04F79EFBC}") = "ConsoleApp5", "ConsoleApp5\ConsoleApp5.csproj", "{0F4EBBB3-4E63-4073-BD4E-AD1B364A0309}"
EndProject
Project("{FAE04EC0-301F-11D3-BF4B-00C04F79EFBC}") = "ConsoleApp6", "ConsoleApp6\ConsoleApp6.csproj", "{EDF7220D-7371-4F00-93CD-FC4B6D5952AB}"
EndProject
Project("{FAE04EC0-301F-11D3-BF4B-00C04F79EFBC}") = "ConsoleApp7", "ConsoleApp7\ConsoleApp7.csproj", "{B00F483F-27AD-4B30-B73D-BE1C25E87D1E}"
EndProject
Project("{FAE04EC0-301F-11D3-BF4B-00C04F79EFBC}") = "ConsoleApp8", "ConsoleApp8\ConsoleApp8.csproj", "{E3E906D3-66F3-45CF-BAAE-8C622B6C9C43}"
EndProject
Project("{FAE04EC0-301F-11D3-BF4B-00C04F79EFBC}") = "ConsoleApp9", "ConsoleApp9\ConsoleApp9.csproj", "{F00E95FB-55E7-4FB8-9973-C763D9CB423D}"
EndProject
Project("{FAE04EC0-301F-11D3-BF4B-00C04F79EFBC}") = "ConsoleApp10", "ConsoleApp10\ConsoleApp10.csproj", "{70FF2B2B-D653-477E-8310-8572D180A818}"
EndProject
Project("{FAE04EC0-301F-11D3-BF4B-00C04F79EFBC}") = "ConsoleApp11", "ConsoleApp11\ConsoleApp11.csproj", "{B987BB40-F127-4F1E-B13B-CF97B16B66D8}"
EndProject
Project("{FAE04EC0-301F-11D3-BF4B-00C04F79EFBC}") = "bool1", "bool1\bool1.csproj", "{12709277-E747-4182-AF65-C0AE7D72A1E4}"
EndProject
Project("{FAE04EC0-301F-11D3-BF4B-00C04F79EFBC}") = "bool", "bool\bool.csproj", "{7094AA26-5E1A-4B78-9D0E-C57CD55C849D}"
EndProject
Project("{FAE04EC0-301F-11D3-BF4B-00C04F79EFBC}") = "booll", "booll\booll.csproj", "{4F23DCBC-0D98-4C01-BBF9-5715C9E2BC7B}"
EndProject
Project("{FAE04EC0-301F-11D3-BF4B-00C04F79EFBC}") = "b00l", "b00l\b00l.csproj", "{501717DA-8752-40C6-84DB-9DD88568E8D8}"
EndProject
Project("{FAE04EC0-301F-11D3-BF4B-00C04F79EFBC}") = "bo0l", "bo0l\bo0l.csproj", "{2B30D3DB-9ED7-4E7C-9056-37BECCD4664A}"
EndProject
Project("{FAE04EC0-301F-11D3-BF4B-00C04F79EFBC}") = "bool7", "bool7\bool7.csproj", "{5AE19958-E821-4928-B0BF-4E6ECAE7C476}"
EndProject
Project("{FAE04EC0-301F-11D3-BF4B-00C04F79EFBC}") = "bool8", "bool8\bool8.csproj", "{478394F8-964F-4944-8F16-A5336CE1E753}"
EndProject
Project("{FAE04EC0-301F-11D3-BF4B-00C04F79EFBC}") = "bool9", "bool9\bool9.csproj", "{231E1763-FB03-4616-80DD-7C8B416D40C6}"
EndProject
Project("{FAE04EC0-301F-11D3-BF4B-00C04F79EFBC}") = "bool10", "bool10\bool10.csproj", "{791169AC-1228-4B23-9ACE-4EC5BE507463}"
EndProject
Project("{FAE04EC0-301F-11D3-BF4B-00C04F79EFBC}") = "for1", "for1\for1.csproj", "{B45418A3-7F66-453D-B918-FEFD911567CA}"
EndProject
Project("{FAE04EC0-301F-11D3-BF4B-00C04F79EFBC}") = "for", "for\for.csproj", "{227E2732-31DF-4D0D-9B9E-D44350009B83}"
EndProject
Project("{FAE04EC0-301F-11D3-BF4B-00C04F79EFBC}") = "f0r", "f0r\f0r.csproj", "{EB9C4564-77C5-4BE4-96E9-DCD3CE0929EE}"
EndProject
Project("{FAE04EC0-301F-11D3-BF4B-00C04F79EFBC}") = "forr", "forr\forr.csproj", "{6ECADE36-12EF-4CF9-95A6-A413CE0003FE}"
EndProject
Project("{FAE04EC0-301F-11D3-BF4B-00C04F79EFBC}") = "case", "case\case.csproj", "{02B78679-05DB-406C-82F1-1A88E7A49023}"
EndProject
Project("{FAE04EC0-301F-11D3-BF4B-00C04F79EFBC}") = "case0", "case0\case0.csproj", "{DF9F193A-2BE1-4419-8F4B-849B031E54D5}"
EndProject
Project("{FAE04EC0-301F-11D3-BF4B-00C04F79EFBC}") = "case00", "case00\case00.csproj", "{5B0EBD9C-9FBF-46AF-9D62-9F5E45B29A5F}"
EndProject
Project("{FAE04EC0-301F-11D3-BF4B-00C04F79EFBC}") = "case00.0", "case00.0\case00.0.csproj", "{17D0DA05-1FE1-48BE-8A00-176E4256BD7B}"
EndProject
Project("{FAE04EC0-301F-11D3-BF4B-00C04F79EFBC}") = "begin", "begin\begin.csproj", "{C7B36050-60EA-4543-8513-9BE0C360FBFA}"
EndProject
Project("{FAE04EC0-301F-11D3-BF4B-00C04F79EFBC}") = "beg", "beg\beg.csproj", "{45CFFCFF-8CB0-4015-B058-BF580004D819}"
EndProject
Project("{FAE04EC0-301F-11D3-BF4B-00C04F79EFBC}") = "begi", "begi\begi.csproj", "{5540219C-D5E2-4606-BE0F-612A5AC7FFD9}"
EndProject
Project("{FAE04EC0-301F-11D3-BF4B-00C04F79EFBC}") = "beg2", "beg2\beg2.csproj", "{3817550E-1AC2-46B6-9253-12477E103B34}"
EndProject
Project("{FAE04EC0-301F-11D3-BF4B-00C04F79EFBC}") = "beg55", "beg55\beg55.csproj", "{72AA8591-40AB-4710-ADE2-E3F71EDB04BB}"
EndProject
Project("{FAE04EC0-301F-11D3-BF4B-00C04F79EFBC}") = "beeg", "beeg\beeg.csproj", "{1D10FA01-F9C7-43EB-8BB4-C1F9E385D2FD}"
EndProject
Project("{FAE04EC0-301F-11D3-BF4B-00C04F79EFBC}") = "beg0", "beg0\beg0.csproj", "{F1C756D7-898E-47CF-AD21-5276A11F2CC8}"
EndProject
Project("{FAE04EC0-301F-11D3-BF4B-00C04F79EFBC}") = "bego", "bego\bego.csproj", "{89C0F5F8-8857-47E3-B8A5-7DE2FA430918}"
EndProject
Project("{FAE04EC0-301F-11D3-BF4B-00C04F79EFBC}") = "begg", "begg\begg.csproj", "{164831F8-52BD-4694-A0C8-E25610122804}"
EndProject
Project("{FAE04EC0-301F-11D3-BF4B-00C04F79EFBC}") = "beegg", "beegg\beegg.csproj", "{1140D753-C6A8-4CFE-8D91-30F926D8FE13}"
EndProject
Project("{FAE04EC0-301F-11D3-BF4B-00C04F79EFBC}") = "begg2", "begg2\begg2.csproj", "{662263FA-9372-4D59-93C5-12155C9CDC9F}"
EndProject
Project("{FAE04EC0-301F-11D3-BF4B-00C04F79EFBC}") = "beg5", "beg5\beg5.csproj", "{69EA9ADD-4DD8-46EF-A980-039BBF3B076C}"
EndProject
Global
	GlobalSection(SolutionConfigurationPlatforms) = preSolution
		Debug|Any CPU = Debug|Any CPU
		Release|Any CPU = Release|Any CPU
	EndGlobalSection
	GlobalSection(ProjectConfigurationPlatforms) = postSolution
		{3179117C-6713-4CED-87A0-6A7407BF69AB}.Debug|Any CPU.ActiveCfg = Debug|Any CPU
		{3179117C-6713-4CED-87A0-6A7407BF69AB}.Debug|Any CPU.Build.0 = Debug|Any CPU
		{3179117C-6713-4CED-87A0-6A7407BF69AB}.Release|Any CPU.ActiveCfg = Release|Any CPU
		{3179117C-6713-4CED-87A0-6A7407BF69AB}.Release|Any CPU.Build.0 = Release|Any CPU
		{6DF3C84B-E83B-4DDB-81F7-799E61FC9391}.Debug|Any CPU.ActiveCfg = Debug|Any CPU
		{6DF3C84B-E83B-4DDB-81F7-799E61FC9391}.Debug|Any CPU.Build.0 = Debug|Any CPU
		{6DF3C84B-E83B-4DDB-81F7-799E61FC9391}.Release|Any CPU.ActiveCfg = Release|Any CPU
		{6DF3C84B-E83B-4DDB-81F7-799E61FC9391}.Release|Any CPU.Build.0 = Release|Any CPU
		{24D85FD5-25A0-4086-9292-1C2FA4E66E5A}.Debug|Any CPU.ActiveCfg = Debug|Any CPU
		{24D85FD5-25A0-4086-9292-1C2FA4E66E5A}.Debug|Any CPU.Build.0 = Debug|Any CPU
		{24D85FD5-25A0-4086-9292-1C2FA4E66E5A}.Release|Any CPU.ActiveCfg = Release|Any CPU
		{24D85FD5-25A0-4086-9292-1C2FA4E66E5A}.Release|Any CPU.Build.0 = Release|Any CPU
		{AA6DC815-6773-4A99-8837-612BDC240CBD}.Debug|Any CPU.ActiveCfg = Debug|Any CPU
		{AA6DC815-6773-4A99-8837-612BDC240CBD}.Debug|Any CPU.Build.0 = Debug|Any CPU
		{AA6DC815-6773-4A99-8837-612BDC240CBD}.Release|Any CPU.ActiveCfg = Release|Any CPU
		{AA6DC815-6773-4A99-8837-612BDC240CBD}.Release|Any CPU.Build.0 = Release|Any CPU
		{0F4EBBB3-4E63-4073-BD4E-AD1B364A0309}.Debug|Any CPU.ActiveCfg = Debug|Any CPU
		{0F4EBBB3-4E63-4073-BD4E-AD1B364A0309}.Debug|Any CPU.Build.0 = Debug|Any CPU
		{0F4EBBB3-4E63-4073-BD4E-AD1B364A0309}.Release|Any CPU.ActiveCfg = Release|Any CPU
		{0F4EBBB3-4E63-4073-BD4E-AD1B364A0309}.Release|Any CPU.Build.0 = Release|Any CPU
		{EDF7220D-7371-4F00-93CD-FC4B6D5952AB}.Debug|Any CPU.ActiveCfg = Debug|Any CPU
		{EDF7220D-7371-4F00-93CD-FC4B6D5952AB}.Debug|Any CPU.Build.0 = Debug|Any CPU
		{EDF7220D-7371-4F00-93CD-FC4B6D5952AB}.Release|Any CPU.ActiveCfg = Release|Any CPU
		{EDF7220D-7371-4F00-93CD-FC4B6D5952AB}.Release|Any CPU.Build.0 = Release|Any CPU
		{B00F483F-27AD-4B30-B73D-BE1C25E87D1E}.Debug|Any CPU.ActiveCfg = Debug|Any CPU
		{B00F483F-27AD-4B30-B73D-BE1C25E87D1E}.Debug|Any CPU.Build.0 = Debug|Any CPU
		{B00F483F-27AD-4B30-B73D-BE1C25E87D1E}.Release|Any CPU.ActiveCfg = Release|Any CPU
		{B00F483F-27AD-4B30-B73D-BE1C25E87D1E}.Release|Any CPU.Build.0 = Release|Any CPU
		{E3E906D3-66F3-45CF-BAAE-8C622B6C9C43}.Debug|Any CPU.ActiveCfg = Debug|Any CPU
		{E3E906D3-66F3-45CF-BAAE-8C622B6C9C43}.Debug|Any CPU.Build.0 = Debug|Any CPU
		{E3E906D3-66F3-45CF-BAAE-8C622B6C9C43}.Release|Any CPU.ActiveCfg = Release|Any CPU
		{E3E906D3-66F3-45CF-BAAE-8C622B6C9C43}.Release|Any CPU.Build.0 = Release|Any CPU
		{F00E95FB-55E7-4FB8-9973-C763D9CB423D}.Debug|Any CPU.ActiveCfg = Debug|Any CPU
		{F00E95FB-55E7-4FB8-9973-C763D9CB423D}.Debug|Any CPU.Build.0 = Debug|Any CPU
		{F00E95FB-55E7-4FB8-9973-C763D9CB423D}.Release|Any CPU.ActiveCfg = Release|Any CPU
		{F00E95FB-55E7-4FB8-9973-C763D9CB423D}.Release|Any CPU.Build.0 = Release|Any CPU
		{70FF2B2B-D653-477E-8310-8572D180A818}.Debug|Any CPU.ActiveCfg = Debug|Any CPU
		{70FF2B2B-D653-477E-8310-8572D180A818}.Debug|Any CPU.Build.0 = Debug|Any CPU
		{70FF2B2B-D653-477E-8310-8572D180A818}.Release|Any CPU.ActiveCfg = Release|Any CPU
		{70FF2B2B-D653-477E-8310-8572D180A818}.Release|Any CPU.Build.0 = Release|Any CPU
		{B987BB40-F127-4F1E-B13B-CF97B16B66D8}.Debug|Any CPU.ActiveCfg = Debug|Any CPU
		{B987BB40-F127-4F1E-B13B-CF97B16B66D8}.Debug|Any CPU.Build.0 = Debug|Any CPU
		{B987BB40-F127-4F1E-B13B-CF97B16B66D8}.Release|Any CPU.ActiveCfg = Release|Any CPU
		{B987BB40-F127-4F1E-B13B-CF97B16B66D8}.Release|Any CPU.Build.0 = Release|Any CPU
		{12709277-E747-4182-AF65-C0AE7D72A1E4}.Debug|Any CPU.ActiveCfg = Debug|Any CPU
		{12709277-E747-4182-AF65-C0AE7D72A1E4}.Debug|Any CPU.Build.0 = Debug|Any CPU
		{12709277-E747-4182-AF65-C0AE7D72A1E4}.Release|Any CPU.ActiveCfg = Release|Any CPU
		{12709277-E747-4182-AF65-C0AE7D72A1E4}.Release|Any CPU.Build.0 = Release|Any CPU
		{7094AA26-5E1A-4B78-9D0E-C57CD55C849D}.Debug|Any CPU.ActiveCfg = Debug|Any CPU
		{7094AA26-5E1A-4B78-9D0E-C57CD55C849D}.Debug|Any CPU.Build.0 = Debug|Any CPU
		{7094AA26-5E1A-4B78-9D0E-C57CD55C849D}.Release|Any CPU.ActiveCfg = Release|Any CPU
		{7094AA26-5E1A-4B78-9D0E-C57CD55C849D}.Release|Any CPU.Build.0 = Release|Any CPU
		{4F23DCBC-0D98-4C01-BBF9-5715C9E2BC7B}.Debug|Any CPU.ActiveCfg = Debug|Any CPU
		{4F23DCBC-0D98-4C01-BBF9-5715C9E2BC7B}.Debug|Any CPU.Build.0 = Debug|Any CPU
		{4F23DCBC-0D98-4C01-BBF9-5715C9E2BC7B}.Release|Any CPU.ActiveCfg = Release|Any CPU
		{4F23DCBC-0D98-4C01-BBF9-5715C9E2BC7B}.Release|Any CPU.Build.0 = Release|Any CPU
		{501717DA-8752-40C6-84DB-9DD88568E8D8}.Debug|Any CPU.ActiveCfg = Debug|Any CPU
		{501717DA-8752-40C6-84DB-9DD88568E8D8}.Debug|Any CPU.Build.0 = Debug|Any CPU
		{501717DA-8752-40C6-84DB-9DD88568E8D8}.Release|Any CPU.ActiveCfg = Release|Any CPU
		{501717DA-8752-40C6-84DB-9DD88568E8D8}.Release|Any CPU.Build.0 = Release|Any CPU
		{2B30D3DB-9ED7-4E7C-9056-37BECCD4664A}.Debug|Any CPU.ActiveCfg = Debug|Any CPU
		{2B30D3DB-9ED7-4E7C-9056-37BECCD4664A}.Debug|Any CPU.Build.0 = Debug|Any CPU
		{2B30D3DB-9ED7-4E7C-9056-37BECCD4664A}.Release|Any CPU.ActiveCfg = Release|Any CPU
		{2B30D3DB-9ED7-4E7C-9056-37BECCD4664A}.Release|Any CPU.Build.0 = Release|Any CPU
		{5AE19958-E821-4928-B0BF-4E6ECAE7C476}.Debug|Any CPU.ActiveCfg = Debug|Any CPU
		{5AE19958-E821-4928-B0BF-4E6ECAE7C476}.Debug|Any CPU.Build.0 = Debug|Any CPU
		{5AE19958-E821-4928-B0BF-4E6ECAE7C476}.Release|Any CPU.ActiveCfg = Release|Any CPU
		{5AE19958-E821-4928-B0BF-4E6ECAE7C476}.Release|Any CPU.Build.0 = Release|Any CPU
		{478394F8-964F-4944-8F16-A5336CE1E753}.Debug|Any CPU.ActiveCfg = Debug|Any CPU
		{478394F8-964F-4944-8F16-A5336CE1E753}.Debug|Any CPU.Build.0 = Debug|Any CPU
		{478394F8-964F-4944-8F16-A5336CE1E753}.Release|Any CPU.ActiveCfg = Release|Any CPU
		{478394F8-964F-4944-8F16-A5336CE1E753}.Release|Any CPU.Build.0 = Release|Any CPU
		{231E1763-FB03-4616-80DD-7C8B416D40C6}.Debug|Any CPU.ActiveCfg = Debug|Any CPU
		{231E1763-FB03-4616-80DD-7C8B416D40C6}.Debug|Any CPU.Build.0 = Debug|Any CPU
		{231E1763-FB03-4616-80DD-7C8B416D40C6}.Release|Any CPU.ActiveCfg = Release|Any CPU
		{231E1763-FB03-4616-80DD-7C8B416D40C6}.Release|Any CPU.Build.0 = Release|Any CPU
		{791169AC-1228-4B23-9ACE-4EC5BE507463}.Debug|Any CPU.ActiveCfg = Debug|Any CPU
		{791169AC-1228-4B23-9ACE-4EC5BE507463}.Debug|Any CPU.Build.0 = Debug|Any CPU
		{791169AC-1228-4B23-9ACE-4EC5BE507463}.Release|Any CPU.ActiveCfg = Release|Any CPU
		{791169AC-1228-4B23-9ACE-4EC5BE507463}.Release|Any CPU.Build.0 = Release|Any CPU
		{B45418A3-7F66-453D-B918-FEFD911567CA}.Debug|Any CPU.ActiveCfg = Debug|Any CPU
		{B45418A3-7F66-453D-B918-FEFD911567CA}.Debug|Any CPU.Build.0 = Debug|Any CPU
		{B45418A3-7F66-453D-B918-FEFD911567CA}.Release|Any CPU.ActiveCfg = Release|Any CPU
		{B45418A3-7F66-453D-B918-FEFD911567CA}.Release|Any CPU.Build.0 = Release|Any CPU
		{227E2732-31DF-4D0D-9B9E-D44350009B83}.Debug|Any CPU.ActiveCfg = Debug|Any CPU
		{227E2732-31DF-4D0D-9B9E-D44350009B83}.Debug|Any CPU.Build.0 = Debug|Any CPU
		{227E2732-31DF-4D0D-9B9E-D44350009B83}.Release|Any CPU.ActiveCfg = Release|Any CPU
		{227E2732-31DF-4D0D-9B9E-D44350009B83}.Release|Any CPU.Build.0 = Release|Any CPU
		{EB9C4564-77C5-4BE4-96E9-DCD3CE0929EE}.Debug|Any CPU.ActiveCfg = Debug|Any CPU
		{EB9C4564-77C5-4BE4-96E9-DCD3CE0929EE}.Debug|Any CPU.Build.0 = Debug|Any CPU
		{EB9C4564-77C5-4BE4-96E9-DCD3CE0929EE}.Release|Any CPU.ActiveCfg = Release|Any CPU
		{EB9C4564-77C5-4BE4-96E9-DCD3CE0929EE}.Release|Any CPU.Build.0 = Release|Any CPU
		{6ECADE36-12EF-4CF9-95A6-A413CE0003FE}.Debug|Any CPU.ActiveCfg = Debug|Any CPU
		{6ECADE36-12EF-4CF9-95A6-A413CE0003FE}.Debug|Any CPU.Build.0 = Debug|Any CPU
		{6ECADE36-12EF-4CF9-95A6-A413CE0003FE}.Release|Any CPU.ActiveCfg = Release|Any CPU
		{6ECADE36-12EF-4CF9-95A6-A413CE0003FE}.Release|Any CPU.Build.0 = Release|Any CPU
		{02B78679-05DB-406C-82F1-1A88E7A49023}.Debug|Any CPU.ActiveCfg = Debug|Any CPU
		{02B78679-05DB-406C-82F1-1A88E7A49023}.Debug|Any CPU.Build.0 = Debug|Any CPU
		{02B78679-05DB-406C-82F1-1A88E7A49023}.Release|Any CPU.ActiveCfg = Release|Any CPU
		{02B78679-05DB-406C-82F1-1A88E7A49023}.Release|Any CPU.Build.0 = Release|Any CPU
		{DF9F193A-2BE1-4419-8F4B-849B031E54D5}.Debug|Any CPU.ActiveCfg = Debug|Any CPU
		{DF9F193A-2BE1-4419-8F4B-849B031E54D5}.Debug|Any CPU.Build.0 = Debug|Any CPU
		{DF9F193A-2BE1-4419-8F4B-849B031E54D5}.Release|Any CPU.ActiveCfg = Release|Any CPU
		{DF9F193A-2BE1-4419-8F4B-849B031E54D5}.Release|Any CPU.Build.0 = Release|Any CPU
		{5B0EBD9C-9FBF-46AF-9D62-9F5E45B29A5F}.Debug|Any CPU.ActiveCfg = Debug|Any CPU
		{5B0EBD9C-9FBF-46AF-9D62-9F5E45B29A5F}.Debug|Any CPU.Build.0 = Debug|Any CPU
		{5B0EBD9C-9FBF-46AF-9D62-9F5E45B29A5F}.Release|Any CPU.ActiveCfg = Release|Any CPU
		{5B0EBD9C-9FBF-46AF-9D62-9F5E45B29A5F}.Release|Any CPU.Build.0 = Release|Any CPU
		{17D0DA05-1FE1-48BE-8A00-176E4256BD7B}.Debug|Any CPU.ActiveCfg = Debug|Any CPU
		{17D0DA05-1FE1-48BE-8A00-176E4256BD7B}.Debug|Any CPU.Build.0 = Debug|Any CPU
		{17D0DA05-1FE1-48BE-8A00-176E4256BD7B}.Release|Any CPU.ActiveCfg = Release|Any CPU
		{17D0DA05-1FE1-48BE-8A00-176E4256BD7B}.Release|Any CPU.Build.0 = Release|Any CPU
		{C7B36050-60EA-4543-8513-9BE0C360FBFA}.Debug|Any CPU.ActiveCfg = Debug|Any CPU
		{C7B36050-60EA-4543-8513-9BE0C360FBFA}.Debug|Any CPU.Build.0 = Debug|Any CPU
		{C7B36050-60EA-4543-8513-9BE0C360FBFA}.Release|Any CPU.ActiveCfg = Release|Any CPU
		{C7B36050-60EA-4543-8513-9BE0C360FBFA}.Release|Any CPU.Build.0 = Release|Any CPU
		{45CFFCFF-8CB0-4015-B058-BF580004D819}.Debug|Any CPU.ActiveCfg = Debug|Any CPU
		{45CFFCFF-8CB0-4015-B058-BF580004D819}.Debug|Any CPU.Build.0 = Debug|Any CPU
		{45CFFCFF-8CB0-4015-B058-BF580004D819}.Release|Any CPU.ActiveCfg = Release|Any CPU
		{45CFFCFF-8CB0-4015-B058-BF580004D819}.Release|Any CPU.Build.0 = Release|Any CPU
		{5540219C-D5E2-4606-BE0F-612A5AC7FFD9}.Debug|Any CPU.ActiveCfg = Debug|Any CPU
		{5540219C-D5E2-4606-BE0F-612A5AC7FFD9}.Debug|Any CPU.Build.0 = Debug|Any CPU
		{5540219C-D5E2-4606-BE0F-612A5AC7FFD9}.Release|Any CPU.ActiveCfg = Release|Any CPU
		{5540219C-D5E2-4606-BE0F-612A5AC7FFD9}.Release|Any CPU.Build.0 = Release|Any CPU
		{3817550E-1AC2-46B6-9253-12477E103B34}.Debug|Any CPU.ActiveCfg = Debug|Any CPU
		{3817550E-1AC2-46B6-9253-12477E103B34}.Debug|Any CPU.Build.0 = Debug|Any CPU
		{3817550E-1AC2-46B6-9253-12477E103B34}.Release|Any CPU.ActiveCfg = Release|Any CPU
		{3817550E-1AC2-46B6-9253-12477E103B34}.Release|Any CPU.Build.0 = Release|Any CPU
		{72AA8591-40AB-4710-ADE2-E3F71EDB04BB}.Debug|Any CPU.ActiveCfg = Debug|Any CPU
		{72AA8591-40AB-4710-ADE2-E3F71EDB04BB}.Debug|Any CPU.Build.0 = Debug|Any CPU
		{72AA8591-40AB-4710-ADE2-E3F71EDB04BB}.Release|Any CPU.ActiveCfg = Release|Any CPU
		{72AA8591-40AB-4710-ADE2-E3F71EDB04BB}.Release|Any CPU.Build.0 = Release|Any CPU
		{1D10FA01-F9C7-43EB-8BB4-C1F9E385D2FD}.Debug|Any CPU.ActiveCfg = Debug|Any CPU
		{1D10FA01-F9C7-43EB-8BB4-C1F9E385D2FD}.Debug|Any CPU.Build.0 = Debug|Any CPU
		{1D10FA01-F9C7-43EB-8BB4-C1F9E385D2FD}.Release|Any CPU.ActiveCfg = Release|Any CPU
		{1D10FA01-F9C7-43EB-8BB4-C1F9E385D2FD}.Release|Any CPU.Build.0 = Release|Any CPU
		{F1C756D7-898E-47CF-AD21-5276A11F2CC8}.Debug|Any CPU.ActiveCfg = Debug|Any CPU
		{F1C756D7-898E-47CF-AD21-5276A11F2CC8}.Debug|Any CPU.Build.0 = Debug|Any CPU
		{F1C756D7-898E-47CF-AD21-5276A11F2CC8}.Release|Any CPU.ActiveCfg = Release|Any CPU
		{F1C756D7-898E-47CF-AD21-5276A11F2CC8}.Release|Any CPU.Build.0 = Release|Any CPU
		{89C0F5F8-8857-47E3-B8A5-7DE2FA430918}.Debug|Any CPU.ActiveCfg = Debug|Any CPU
		{89C0F5F8-8857-47E3-B8A5-7DE2FA430918}.Debug|Any CPU.Build.0 = Debug|Any CPU
		{89C0F5F8-8857-47E3-B8A5-7DE2FA430918}.Release|Any CPU.ActiveCfg = Release|Any CPU
		{89C0F5F8-8857-47E3-B8A5-7DE2FA430918}.Release|Any CPU.Build.0 = Release|Any CPU
		{164831F8-52BD-4694-A0C8-E25610122804}.Debug|Any CPU.ActiveCfg = Debug|Any CPU
		{164831F8-52BD-4694-A0C8-E25610122804}.Debug|Any CPU.Build.0 = Debug|Any CPU
		{164831F8-52BD-4694-A0C8-E25610122804}.Release|Any CPU.ActiveCfg = Release|Any CPU
		{164831F8-52BD-4694-A0C8-E25610122804}.Release|Any CPU.Build.0 = Release|Any CPU
		{1140D753-C6A8-4CFE-8D91-30F926D8FE13}.Debug|Any CPU.ActiveCfg = Debug|Any CPU
		{1140D753-C6A8-4CFE-8D91-30F926D8FE13}.Debug|Any CPU.Build.0 = Debug|Any CPU
		{1140D753-C6A8-4CFE-8D91-30F926D8FE13}.Release|Any CPU.ActiveCfg = Release|Any CPU
		{1140D753-C6A8-4CFE-8D91-30F926D8FE13}.Release|Any CPU.Build.0 = Release|Any CPU
		{662263FA-9372-4D59-93C5-12155C9CDC9F}.Debug|Any CPU.ActiveCfg = Debug|Any CPU
		{662263FA-9372-4D59-93C5-12155C9CDC9F}.Debug|Any CPU.Build.0 = Debug|Any CPU
		{662263FA-9372-4D59-93C5-12155C9CDC9F}.Release|Any CPU.ActiveCfg = Release|Any CPU
		{662263FA-9372-4D59-93C5-12155C9CDC9F}.Release|Any CPU.Build.0 = Release|Any CPU
		{69EA9ADD-4DD8-46EF-A980-039BBF3B076C}.Debug|Any CPU.ActiveCfg = Debug|Any CPU
		{69EA9ADD-4DD8-46EF-A980-039BBF3B076C}.Debug|Any CPU.Build.0 = Debug|Any CPU
		{69EA9ADD-4DD8-46EF-A980-039BBF3B076C}.Release|Any CPU.ActiveCfg = Release|Any CPU
		{69EA9ADD-4DD8-46EF-A980-039BBF3B076C}.Release|Any CPU.Build.0 = Release|Any CPU
	EndGlobalSection
EndGlobal
